
Microsoft Visual Studio Solution File, Format Version 12.00
# Visual Studio Version 17
VisualStudioVersion = 17.11.35312.102
MinimumVisualStudioVersion = 10.0.40219.1
Project("{FAE04EC0-301F-11D3-BF4B-00C04F79EFBC}") = "MyConsoleApp", "MyConsoleApp\MyConsoleApp.csproj", "{47DEF3CF-2A43-4089-A5B5-1BB4C9200660}"
EndProject
Project("{FAE04EC0-301F-11D3-BF4B-00C04F79EFBC}") = "MyLibrary", "MyLibrary\MyLibrary.csproj", "{021655A8-570F-4E01-ACCD-330E6C58D3D6}"
EndProject
Global
	GlobalSection(SolutionConfigurationPlatforms) = preSolution
		Debug|Any CPU = Debug|Any CPU
		Release|Any CPU = Release|Any CPU
	EndGlobalSection
	GlobalSection(ProjectConfigurationPlatforms) = postSolution
		{47DEF3CF-2A43-4089-A5B5-1BB4C9200660}.Debug|Any CPU.ActiveCfg = Debug|Any CPU
		{47DEF3CF-2A43-4089-A5B5-1BB4C9200660}.Debug|Any CPU.Build.0 = Debug|Any CPU
		{47DEF3CF-2A43-4089-A5B5-1BB4C9200660}.Release|Any CPU.ActiveCfg = Release|Any CPU
		{47DEF3CF-2A43-4089-A5B5-1BB4C9200660}.Release|Any CPU.Build.0 = Release|Any CPU
		{021655A8-570F-4E01-ACCD-330E6C58D3D6}.Debug|Any CPU.ActiveCfg = Debug|Any CPU
		{021655A8-570F-4E01-ACCD-330E6C58D3D6}.Debug|Any CPU.Build.0 = Debug|Any CPU
		{021655A8-570F-4E01-ACCD-330E6C58D3D6}.Release|Any CPU.ActiveCfg = Release|Any CPU
		{021655A8-570F-4E01-ACCD-330E6C58D3D6}.Release|Any CPU.Build.0 = Release|Any CPU
	EndGlobalSection
	GlobalSection(SolutionProperties) = preSolution
		HideSolutionNode = FALSE
	EndGlobalSection
	GlobalSection(ExtensibilityGlobals) = postSolution
		SolutionGuid = {B8C91223-E800-4A2E-A587-F08B1F821C44}
	EndGlobalSection
EndGlobal
